{
  "version": "5",
  "specifiers": {
    "npm:ws@^8.18.3": "8.18.3"
  },
  "npm": {
    "ws@8.18.3": {
      "integrity": "sha512-PEIGCY5tSlUt50cqyMXfCzX+oOPqN0vuGqWzbcJ2xvnkzkq46oOpz7dQaTDBdfICb4N14+GARUDw2XV2N4tvzg=="
    }
  },
  "workspace": {
    "packageJson": {
      "dependencies": [
        "npm:ws@^8.18.3"
      ]
    }
  }
}
